
Microsoft Visual Studio Solution File, Format Version 12.00
# Visual Studio 15
VisualStudioVersion = 15.0.27428.2015
MinimumVisualStudioVersion = 10.0.40219.1
Project("{FAE04EC0-301F-11D3-BF4B-00C04F79EFBC}") = "GTFS_Maker", "GTFS_Maker\GTFS_Maker.csproj", "{4C21EAB1-9467-498B-9899-435F128CDA4C}"
EndProject
Global
	GlobalSection(SolutionConfigurationPlatforms) = preSolution
		Debug|Any CPU = Debug|Any CPU
		Release|Any CPU = Release|Any CPU
	EndGlobalSection
	GlobalSection(ProjectConfigurationPlatforms) = postSolution
		{4C21EAB1-9467-498B-9899-435F128CDA4C}.Debug|Any CPU.ActiveCfg = Debug|Any CPU
		{4C21EAB1-9467-498B-9899-435F128CDA4C}.Debug|Any CPU.Build.0 = Debug|Any CPU
		{4C21EAB1-9467-498B-9899-435F128CDA4C}.Release|Any CPU.ActiveCfg = Release|Any CPU
		{4C21EAB1-9467-498B-9899-435F128CDA4C}.Release|Any CPU.Build.0 = Release|Any CPU
	EndGlobalSection
	GlobalSection(SolutionProperties) = preSolution
		HideSolutionNode = FALSE
	EndGlobalSection
	GlobalSection(ExtensibilityGlobals) = postSolution
		SolutionGuid = {EAE01FA9-308E-44E6-8562-0BCA0BA6F931}
	EndGlobalSection
EndGlobal
